{
    "name": "liteloaderqqnt-plugininstaller",
    "version": "1.0.0",
    "lockfileVersion": 3,
    "requires": true,
    "packages": {
        "": {
            "name": "liteloaderqqnt-plugininstaller",
            "version": "1.0.0",
            "license": "ISC",
            "dependencies": {
                "node-stream-zip": "^1.15.0"
            }
        },
        "node_modules/node-stream-zip": {
            "version": "1.15.0",
            "resolved": "https://registry.npmjs.org/node-stream-zip/-/node-stream-zip-1.15.0.tgz",
            "integrity": "sha512-LN4fydt9TqhZhThkZIVQnF9cwjU3qmUH9h78Mx/K7d3VvfRqqwthLwJEUOEL0QPZ0XQmNN7be5Ggit5+4dq3Bw==",
            "engines": {
                "node": ">=0.12.0"
            },
            "funding": {
                "type": "github",
                "url": "https://github.com/sponsors/antelle"
            }
        }
    }
}
